
Microsoft Visual Studio Solution File, Format Version 12.00
# Visual Studio Version 17
VisualStudioVersion = 17.2.32630.192
MinimumVisualStudioVersion = 10.0.40219.1
Project("{FAE04EC0-301F-11D3-BF4B-00C04F79EFBC}") = "WebApplication21", "WebApplication21\WebApplication21.csproj", "{D0D69415-66E0-4E30-A437-AD9083558C79}"
EndProject
Global
	GlobalSection(SolutionConfigurationPlatforms) = preSolution
		Debug|Any CPU = Debug|Any CPU
		Release|Any CPU = Release|Any CPU
	EndGlobalSection
	GlobalSection(ProjectConfigurationPlatforms) = postSolution
		{D0D69415-66E0-4E30-A437-AD9083558C79}.Debug|Any CPU.ActiveCfg = Debug|Any CPU
		{D0D69415-66E0-4E30-A437-AD9083558C79}.Debug|Any CPU.Build.0 = Debug|Any CPU
		{D0D69415-66E0-4E30-A437-AD9083558C79}.Release|Any CPU.ActiveCfg = Release|Any CPU
		{D0D69415-66E0-4E30-A437-AD9083558C79}.Release|Any CPU.Build.0 = Release|Any CPU
	EndGlobalSection
	GlobalSection(SolutionProperties) = preSolution
		HideSolutionNode = FALSE
	EndGlobalSection
	GlobalSection(ExtensibilityGlobals) = postSolution
		SolutionGuid = {6B04D5DA-68B1-4577-BA51-1B3B1C9210B0}
	EndGlobalSection
EndGlobal
